# This file is automatically @generated by Cargo.
# It is not intended for manual editing.
version = 4

[[package]]
name = "cuda_libs"
version = "0.1.0"
dependencies = [
 "cuda_libs_cublas",
 "cuda_libs_cublas_lt",
 "cuda_libs_cudart",
 "cuda_libs_cudnn",
 "cuda_libs_cufft",
 "cuda_libs_curand",
 "cuda_libs_cusolver",
 "cuda_libs_cusparse",
 "cuda_libs_driver",
 "libc",
]

[[package]]
name = "cuda_libs_cublas"
version = "0.1.0"
dependencies = [
 "cuda_libs_cudart",
]

[[package]]
name = "cuda_libs_cublas_lt"
version = "0.1.0"
dependencies = [
 "cuda_libs_cudart",
]

[[package]]
name = "cuda_libs_cudart"
version = "0.1.0"

[[package]]
name = "cuda_libs_cudnn"
version = "0.1.0"
dependencies = [
 "cuda_libs_cudart",
]

[[package]]
name = "cuda_libs_cufft"
version = "0.1.0"
dependencies = [
 "cuda_libs_cudart",
]

[[package]]
name = "cuda_libs_curand"
version = "0.1.0"
dependencies = [
 "cuda_libs_cudart",
]

[[package]]
name = "cuda_libs_cusolver"
version = "0.1.0"
dependencies = [
 "cuda_libs_cublas",
 "cuda_libs_cudart",
 "cuda_libs_cusparse",
]

[[package]]
name = "cuda_libs_cusparse"
version = "0.1.0"
dependencies = [
 "cuda_libs_cudart",
]

[[package]]
name = "cuda_libs_driver"
version = "0.1.0"

[[package]]
name = "cuda_rustc_runtime"
version = "0.1.0"
dependencies = [
 "cuda_libs_driver",
]

[[package]]
name = "cuda_rustc_test"
version = "0.1.0"
dependencies = [
 "cuda_libs",
 "cuda_libs_cudart",
 "cuda_rustc_runtime",
]

[[package]]
name = "libc"
version = "0.2.186"
source = "registry+https://github.com/rust-lang/crates.io-index"
checksum = "68ab91017fe16c622486840e4c83c9a37afeff978bd239b5293d61ece587de66"
